
Microsoft Visual Studio Solution File, Format Version 12.00
# Visual Studio 2012
Project("{FAE04EC0-301F-11D3-BF4B-00C04F79EFBC}") = "MvcApplication2", "MvcApplication2\MvcApplication2.csproj", "{490DF9A3-7CA1-493F-B7B5-BB9921BE3DF4}"
EndProject
Global
	GlobalSection(SolutionConfigurationPlatforms) = preSolution
		Debug|Any CPU = Debug|Any CPU
		Release|Any CPU = Release|Any CPU
	EndGlobalSection
	GlobalSection(ProjectConfigurationPlatforms) = postSolution
		{490DF9A3-7CA1-493F-B7B5-BB9921BE3DF4}.Debug|Any CPU.ActiveCfg = Debug|Any CPU
		{490DF9A3-7CA1-493F-B7B5-BB9921BE3DF4}.Debug|Any CPU.Build.0 = Debug|Any CPU
		{490DF9A3-7CA1-493F-B7B5-BB9921BE3DF4}.Release|Any CPU.ActiveCfg = Release|Any CPU
		{490DF9A3-7CA1-493F-B7B5-BB9921BE3DF4}.Release|Any CPU.Build.0 = Release|Any CPU
	EndGlobalSection
	GlobalSection(SolutionProperties) = preSolution
		HideSolutionNode = FALSE
	EndGlobalSection
EndGlobal
